
Microsoft Visual Studio Solution File, Format Version 12.00
# Visual Studio Version 16
VisualStudioVersion = 16.0.31105.61
MinimumVisualStudioVersion = 10.0.40219.1
Project("{FAE04EC0-301F-11D3-BF4B-00C04F79EFBC}") = "What this code do", "What this code do.csproj", "{24535D15-CD28-48F5-A06F-D1D381B963E3}"
EndProject
Global
	GlobalSection(SolutionConfigurationPlatforms) = preSolution
		Debug|Any CPU = Debug|Any CPU
		Release|Any CPU = Release|Any CPU
	EndGlobalSection
	GlobalSection(ProjectConfigurationPlatforms) = postSolution
		{24535D15-CD28-48F5-A06F-D1D381B963E3}.Debug|Any CPU.ActiveCfg = Debug|Any CPU
		{24535D15-CD28-48F5-A06F-D1D381B963E3}.Debug|Any CPU.Build.0 = Debug|Any CPU
		{24535D15-CD28-48F5-A06F-D1D381B963E3}.Release|Any CPU.ActiveCfg = Release|Any CPU
		{24535D15-CD28-48F5-A06F-D1D381B963E3}.Release|Any CPU.Build.0 = Release|Any CPU
	EndGlobalSection
	GlobalSection(SolutionProperties) = preSolution
		HideSolutionNode = FALSE
	EndGlobalSection
	GlobalSection(ExtensibilityGlobals) = postSolution
		SolutionGuid = {8D5B0D6E-EBFC-4492-8E74-5B344737C60C}
	EndGlobalSection
EndGlobal
